
Microsoft Visual Studio Solution File, Format Version 12.00
# Visual Studio Version 17
VisualStudioVersion = 17.1.32421.90
MinimumVisualStudioVersion = 10.0.40219.1
Project("{8BC9CEB8-8B4A-11D0-8D11-00A0C91BC942}") = "testcases", "src\testcases\testcases.vcxproj", "{FECFA422-73C5-4779-9EA2-529D7794E44A}"
EndProject
Project("{8BC9CEB8-8B4A-11D0-8D11-00A0C91BC942}") = "datastructure", "src\datastructure\datastructure.vcxproj", "{2A2D990A-720F-4ABE-9287-4316BCB72454}"
EndProject
Project("{8BC9CEB8-8B4A-11D0-8D11-00A0C91BC942}") = "testcommon", "src\testcommon\testcommon.vcxitems", "{445BCC3A-2977-4EE8-962A-381607048041}"
EndProject
Global
	GlobalSection(SolutionConfigurationPlatforms) = preSolution
		Debug|x64 = Debug|x64
		Debug|x86 = Debug|x86
		Release|x64 = Release|x64
		Release|x86 = Release|x86
	EndGlobalSection
	GlobalSection(ProjectConfigurationPlatforms) = postSolution
		{FECFA422-73C5-4779-9EA2-529D7794E44A}.Debug|x64.ActiveCfg = Debug|x64
		{FECFA422-73C5-4779-9EA2-529D7794E44A}.Debug|x64.Build.0 = Debug|x64
		{FECFA422-73C5-4779-9EA2-529D7794E44A}.Debug|x86.ActiveCfg = Debug|Win32
		{FECFA422-73C5-4779-9EA2-529D7794E44A}.Debug|x86.Build.0 = Debug|Win32
		{FECFA422-73C5-4779-9EA2-529D7794E44A}.Release|x64.ActiveCfg = Release|x64
		{FECFA422-73C5-4779-9EA2-529D7794E44A}.Release|x64.Build.0 = Release|x64
		{FECFA422-73C5-4779-9EA2-529D7794E44A}.Release|x86.ActiveCfg = Release|Win32
		{FECFA422-73C5-4779-9EA2-529D7794E44A}.Release|x86.Build.0 = Release|Win32
		{2A2D990A-720F-4ABE-9287-4316BCB72454}.Debug|x64.ActiveCfg = Debug|x64
		{2A2D990A-720F-4ABE-9287-4316BCB72454}.Debug|x64.Build.0 = Debug|x64
		{2A2D990A-720F-4ABE-9287-4316BCB72454}.Debug|x86.ActiveCfg = Debug|Win32
		{2A2D990A-720F-4ABE-9287-4316BCB72454}.Debug|x86.Build.0 = Debug|Win32
		{2A2D990A-720F-4ABE-9287-4316BCB72454}.Release|x64.ActiveCfg = Release|x64
		{2A2D990A-720F-4ABE-9287-4316BCB72454}.Release|x64.Build.0 = Release|x64
		{2A2D990A-720F-4ABE-9287-4316BCB72454}.Release|x86.ActiveCfg = Release|Win32
		{2A2D990A-720F-4ABE-9287-4316BCB72454}.Release|x86.Build.0 = Release|Win32
	EndGlobalSection
	GlobalSection(SolutionProperties) = preSolution
		HideSolutionNode = FALSE
	EndGlobalSection
	GlobalSection(ExtensibilityGlobals) = postSolution
		SolutionGuid = {EACC122D-C777-42B6-A436-CB5C7CB3E77A}
	EndGlobalSection
EndGlobal
